
Microsoft Visual Studio Solution File, Format Version 12.00
# Visual Studio Version 17
VisualStudioVersion = 17.0.31903.59
MinimumVisualStudioVersion = 10.0.40219.1
Project("{FAE04EC0-301F-11D3-BF4B-00C04F79EFBC}") = "Product.Domain", "Product.Domain\Product.Domain.csproj", "{473C4117-E068-4195-BA7F-6B8BB9486C1B}"
EndProject
Project("{FAE04EC0-301F-11D3-BF4B-00C04F79EFBC}") = "Product.Application", "Product.Application\Product.Application.csproj", "{8995BC1B-7FEF-46E7-BBCE-C91B71533DD2}"
EndProject
Project("{FAE04EC0-301F-11D3-BF4B-00C04F79EFBC}") = "Product.Infrastructure", "Product.Infrastructure\Product.Infrastructure.csproj", "{50832AEB-4857-419F-949A-51D82FBBB7C0}"
EndProject
Project("{FAE04EC0-301F-11D3-BF4B-00C04F79EFBC}") = "Product.API", "Product.API\Product.API.csproj", "{4C043864-E4C5-4E21-A8A1-7354AE636EC2}"
EndProject
Project("{FAE04EC0-301F-11D3-BF4B-00C04F79EFBC}") = "Product.Tests", "Product.Tests\Product.Tests.csproj", "{E88133BF-C07B-4BA2-988D-2C24FFB12A9C}"
EndProject
Global
	GlobalSection(SolutionConfigurationPlatforms) = preSolution
		Debug|Any CPU = Debug|Any CPU
		Debug|x64 = Debug|x64
		Debug|x86 = Debug|x86
		Release|Any CPU = Release|Any CPU
		Release|x64 = Release|x64
		Release|x86 = Release|x86
	EndGlobalSection
	GlobalSection(ProjectConfigurationPlatforms) = postSolution
		{473C4117-E068-4195-BA7F-6B8BB9486C1B}.Debug|Any CPU.ActiveCfg = Debug|Any CPU
		{473C4117-E068-4195-BA7F-6B8BB9486C1B}.Debug|Any CPU.Build.0 = Debug|Any CPU
		{473C4117-E068-4195-BA7F-6B8BB9486C1B}.Debug|x64.ActiveCfg = Debug|Any CPU
		{473C4117-E068-4195-BA7F-6B8BB9486C1B}.Debug|x64.Build.0 = Debug|Any CPU
		{473C4117-E068-4195-BA7F-6B8BB9486C1B}.Debug|x86.ActiveCfg = Debug|Any CPU
		{473C4117-E068-4195-BA7F-6B8BB9486C1B}.Debug|x86.Build.0 = Debug|Any CPU
		{473C4117-E068-4195-BA7F-6B8BB9486C1B}.Release|Any CPU.ActiveCfg = Release|Any CPU
		{473C4117-E068-4195-BA7F-6B8BB9486C1B}.Release|Any CPU.Build.0 = Release|Any CPU
		{473C4117-E068-4195-BA7F-6B8BB9486C1B}.Release|x64.ActiveCfg = Release|Any CPU
		{473C4117-E068-4195-BA7F-6B8BB9486C1B}.Release|x64.Build.0 = Release|Any CPU
		{473C4117-E068-4195-BA7F-6B8BB9486C1B}.Release|x86.ActiveCfg = Release|Any CPU
		{473C4117-E068-4195-BA7F-6B8BB9486C1B}.Release|x86.Build.0 = Release|Any CPU
		{8995BC1B-7FEF-46E7-BBCE-C91B71533DD2}.Debug|Any CPU.ActiveCfg = Debug|Any CPU
		{8995BC1B-7FEF-46E7-BBCE-C91B71533DD2}.Debug|Any CPU.Build.0 = Debug|Any CPU
		{8995BC1B-7FEF-46E7-BBCE-C91B71533DD2}.Debug|x64.ActiveCfg = Debug|Any CPU
		{8995BC1B-7FEF-46E7-BBCE-C91B71533DD2}.Debug|x64.Build.0 = Debug|Any CPU
		{8995BC1B-7FEF-46E7-BBCE-C91B71533DD2}.Debug|x86.ActiveCfg = Debug|Any CPU
		{8995BC1B-7FEF-46E7-BBCE-C91B71533DD2}.Debug|x86.Build.0 = Debug|Any CPU
		{8995BC1B-7FEF-46E7-BBCE-C91B71533DD2}.Release|Any CPU.ActiveCfg = Release|Any CPU
		{8995BC1B-7FEF-46E7-BBCE-C91B71533DD2}.Release|Any CPU.Build.0 = Release|Any CPU
		{8995BC1B-7FEF-46E7-BBCE-C91B71533DD2}.Release|x64.ActiveCfg = Release|Any CPU
		{8995BC1B-7FEF-46E7-BBCE-C91B71533DD2}.Release|x64.Build.0 = Release|Any CPU
		{8995BC1B-7FEF-46E7-BBCE-C91B71533DD2}.Release|x86.ActiveCfg = Release|Any CPU
		{8995BC1B-7FEF-46E7-BBCE-C91B71533DD2}.Release|x86.Build.0 = Release|Any CPU
		{50832AEB-4857-419F-949A-51D82FBBB7C0}.Debug|Any CPU.ActiveCfg = Debug|Any CPU
		{50832AEB-4857-419F-949A-51D82FBBB7C0}.Debug|Any CPU.Build.0 = Debug|Any CPU
		{50832AEB-4857-419F-949A-51D82FBBB7C0}.Debug|x64.ActiveCfg = Debug|Any CPU
		{50832AEB-4857-419F-949A-51D82FBBB7C0}.Debug|x64.Build.0 = Debug|Any CPU
		{50832AEB-4857-419F-949A-51D82FBBB7C0}.Debug|x86.ActiveCfg = Debug|Any CPU
		{50832AEB-4857-419F-949A-51D82FBBB7C0}.Debug|x86.Build.0 = Debug|Any CPU
		{50832AEB-4857-419F-949A-51D82FBBB7C0}.Release|Any CPU.ActiveCfg = Release|Any CPU
		{50832AEB-4857-419F-949A-51D82FBBB7C0}.Release|Any CPU.Build.0 = Release|Any CPU
		{50832AEB-4857-419F-949A-51D82FBBB7C0}.Release|x64.ActiveCfg = Release|Any CPU
		{50832AEB-4857-419F-949A-51D82FBBB7C0}.Release|x64.Build.0 = Release|Any CPU
		{50832AEB-4857-419F-949A-51D82FBBB7C0}.Release|x86.ActiveCfg = Release|Any CPU
		{50832AEB-4857-419F-949A-51D82FBBB7C0}.Release|x86.Build.0 = Release|Any CPU
		{4C043864-E4C5-4E21-A8A1-7354AE636EC2}.Debug|Any CPU.ActiveCfg = Debug|Any CPU
		{4C043864-E4C5-4E21-A8A1-7354AE636EC2}.Debug|Any CPU.Build.0 = Debug|Any CPU
		{4C043864-E4C5-4E21-A8A1-7354AE636EC2}.Debug|x64.ActiveCfg = Debug|Any CPU
		{4C043864-E4C5-4E21-A8A1-7354AE636EC2}.Debug|x64.Build.0 = Debug|Any CPU
		{4C043864-E4C5-4E21-A8A1-7354AE636EC2}.Debug|x86.ActiveCfg = Debug|Any CPU
		{4C043864-E4C5-4E21-A8A1-7354AE636EC2}.Debug|x86.Build.0 = Debug|Any CPU
		{4C043864-E4C5-4E21-A8A1-7354AE636EC2}.Release|Any CPU.ActiveCfg = Release|Any CPU
		{4C043864-E4C5-4E21-A8A1-7354AE636EC2}.Release|Any CPU.Build.0 = Release|Any CPU
		{4C043864-E4C5-4E21-A8A1-7354AE636EC2}.Release|x64.ActiveCfg = Release|Any CPU
		{4C043864-E4C5-4E21-A8A1-7354AE636EC2}.Release|x64.Build.0 = Release|Any CPU
		{4C043864-E4C5-4E21-A8A1-7354AE636EC2}.Release|x86.ActiveCfg = Release|Any CPU
		{4C043864-E4C5-4E21-A8A1-7354AE636EC2}.Release|x86.Build.0 = Release|Any CPU
		{E88133BF-C07B-4BA2-988D-2C24FFB12A9C}.Debug|Any CPU.ActiveCfg = Debug|Any CPU
		{E88133BF-C07B-4BA2-988D-2C24FFB12A9C}.Debug|Any CPU.Build.0 = Debug|Any CPU
		{E88133BF-C07B-4BA2-988D-2C24FFB12A9C}.Debug|x64.ActiveCfg = Debug|Any CPU
		{E88133BF-C07B-4BA2-988D-2C24FFB12A9C}.Debug|x64.Build.0 = Debug|Any CPU
		{E88133BF-C07B-4BA2-988D-2C24FFB12A9C}.Debug|x86.ActiveCfg = Debug|Any CPU
		{E88133BF-C07B-4BA2-988D-2C24FFB12A9C}.Debug|x86.Build.0 = Debug|Any CPU
		{E88133BF-C07B-4BA2-988D-2C24FFB12A9C}.Release|Any CPU.ActiveCfg = Release|Any CPU
		{E88133BF-C07B-4BA2-988D-2C24FFB12A9C}.Release|Any CPU.Build.0 = Release|Any CPU
		{E88133BF-C07B-4BA2-988D-2C24FFB12A9C}.Release|x64.ActiveCfg = Release|Any CPU
		{E88133BF-C07B-4BA2-988D-2C24FFB12A9C}.Release|x64.Build.0 = Release|Any CPU
		{E88133BF-C07B-4BA2-988D-2C24FFB12A9C}.Release|x86.ActiveCfg = Release|Any CPU
		{E88133BF-C07B-4BA2-988D-2C24FFB12A9C}.Release|x86.Build.0 = Release|Any CPU
	EndGlobalSection
	GlobalSection(SolutionProperties) = preSolution
		HideSolutionNode = FALSE
	EndGlobalSection
EndGlobal
